
Microsoft Visual Studio Solution File, Format Version 12.00
# Visual Studio Version 16
VisualStudioVersion = 16.0.31515.178
MinimumVisualStudioVersion = 10.0.40219.1
Project("{FAE04EC0-301F-11D3-BF4B-00C04F79EFBC}") = "Arbataryparamnetersimpleone.Server", "Arbataryparamnetersimpleone\Server\Arbataryparamnetersimpleone.Server.csproj", "{CEB0FB90-C274-4F76-AC35-989296FCA03F}"
EndProject
Project("{FAE04EC0-301F-11D3-BF4B-00C04F79EFBC}") = "Arbataryparamnetersimpleone.Client", "Arbataryparamnetersimpleone\Client\Arbataryparamnetersimpleone.Client.csproj", "{34D5EF44-DB5E-4ECD-8A37-236932EE331B}"
EndProject
Project("{FAE04EC0-301F-11D3-BF4B-00C04F79EFBC}") = "Arbataryparamnetersimpleone.Shared", "Arbataryparamnetersimpleone\Shared\Arbataryparamnetersimpleone.Shared.csproj", "{342DE3B2-0897-435A-81A9-04FE12FE4664}"
EndProject
Global
	GlobalSection(SolutionConfigurationPlatforms) = preSolution
		Debug|Any CPU = Debug|Any CPU
		Release|Any CPU = Release|Any CPU
	EndGlobalSection
	GlobalSection(ProjectConfigurationPlatforms) = postSolution
		{CEB0FB90-C274-4F76-AC35-989296FCA03F}.Debug|Any CPU.ActiveCfg = Debug|Any CPU
		{CEB0FB90-C274-4F76-AC35-989296FCA03F}.Debug|Any CPU.Build.0 = Debug|Any CPU
		{CEB0FB90-C274-4F76-AC35-989296FCA03F}.Release|Any CPU.ActiveCfg = Release|Any CPU
		{CEB0FB90-C274-4F76-AC35-989296FCA03F}.Release|Any CPU.Build.0 = Release|Any CPU
		{34D5EF44-DB5E-4ECD-8A37-236932EE331B}.Debug|Any CPU.ActiveCfg = Debug|Any CPU
		{34D5EF44-DB5E-4ECD-8A37-236932EE331B}.Debug|Any CPU.Build.0 = Debug|Any CPU
		{34D5EF44-DB5E-4ECD-8A37-236932EE331B}.Release|Any CPU.ActiveCfg = Release|Any CPU
		{34D5EF44-DB5E-4ECD-8A37-236932EE331B}.Release|Any CPU.Build.0 = Release|Any CPU
		{342DE3B2-0897-435A-81A9-04FE12FE4664}.Debug|Any CPU.ActiveCfg = Debug|Any CPU
		{342DE3B2-0897-435A-81A9-04FE12FE4664}.Debug|Any CPU.Build.0 = Debug|Any CPU
		{342DE3B2-0897-435A-81A9-04FE12FE4664}.Release|Any CPU.ActiveCfg = Release|Any CPU
		{342DE3B2-0897-435A-81A9-04FE12FE4664}.Release|Any CPU.Build.0 = Release|Any CPU
	EndGlobalSection
	GlobalSection(SolutionProperties) = preSolution
		HideSolutionNode = FALSE
	EndGlobalSection
	GlobalSection(ExtensibilityGlobals) = postSolution
		SolutionGuid = {9F6384BF-D380-4203-9D28-F7F698718448}
	EndGlobalSection
EndGlobal
